// !$*UTF8*$!
{
	archiveVersion = 1;
	classes = {
	};
	objectVersion = 52;
	objects = {

/* Begin PBXBuildFile section */
		BF062F5E254CAEDE003E1662 /* LoginViewModel.swift in Sources */ = {isa = PBXBuildFile; fileRef = BF062F5D254CAEDE003E1662 /* LoginViewModel.swift */; };
		BF062F64254CB330003E1662 /* Coordinator.swift in Sources */ = {isa = PBXBuildFile; fileRef = BF062F63254CB330003E1662 /* Coordinator.swift */; };
		BF08E7AE25571521006F7700 /* DetailsViewModel.swift in Sources */ = {isa = PBXBuildFile; fileRef = BF08E7AD25571521006F7700 /* DetailsViewModel.swift */; };
		BF08E7B525571ACC006F7700 /* HomeSuccessViewController.swift in Sources */ = {isa = PBXBuildFile; fileRef = BF08E7B425571ACC006F7700 /* HomeSuccessViewController.swift */; };
		BF08E7B925571D51006F7700 /* HomeSuccessViewModel.swift in Sources */ = {isa = PBXBuildFile; fileRef = BF08E7B825571D51006F7700 /* HomeSuccessViewModel.swift */; };
		BF1FBB19254C96E900FD3BD0 /* SnapKit in Frameworks */ = {isa = PBXBuildFile; productRef = BF1FBB18254C96E900FD3BD0 /* SnapKit */; };
		BF3AA691254EFD84006ADE3A /* Trailing.swift in Sources */ = {isa = PBXBuildFile; fileRef = BF3AA690254EFD84006ADE3A /* Trailing.swift */; };
		BF3AA694254EFED1006ADE3A /* PasswordReminderViewController.swift in Sources */ = {isa = PBXBuildFile; fileRef = BF3AA693254EFED1006ADE3A /* PasswordReminderViewController.swift */; };
		BF3AA698254EFF66006ADE3A /* SignupViewController.swift in Sources */ = {isa = PBXBuildFile; fileRef = BF3AA697254EFF66006ADE3A /* SignupViewController.swift */; };
		BF3AA69C254F04BA006ADE3A /* SecureTextField.swift in Sources */ = {isa = PBXBuildFile; fileRef = BF3AA69B254F04BA006ADE3A /* SecureTextField.swift */; };
		BF3AA6A2254F5304006ADE3A /* LoadableRoundedButton.swift in Sources */ = {isa = PBXBuildFile; fileRef = BF3AA6A1254F5304006ADE3A /* LoadableRoundedButton.swift */; };
		BF3AA6A52551D250006ADE3A /* HomeViewModel.swift in Sources */ = {isa = PBXBuildFile; fileRef = BF3AA6A42551D250006ADE3A /* HomeViewModel.swift */; };
		BF3AA6A82551E0BD006ADE3A /* HomeCompositionalLayout.swift in Sources */ = {isa = PBXBuildFile; fileRef = BF3AA6A72551E0BD006ADE3A /* HomeCompositionalLayout.swift */; };
		BF3AA6AC2551E548006ADE3A /* HomeCell.swift in Sources */ = {isa = PBXBuildFile; fileRef = BF3AA6AB2551E548006ADE3A /* HomeCell.swift */; };
		BF3AA6B02551E590006ADE3A /* CollectionViewCell.swift in Sources */ = {isa = PBXBuildFile; fileRef = BF3AA6AF2551E590006ADE3A /* CollectionViewCell.swift */; };
		BF3AA6B42551E5CE006ADE3A /* HomeModel.swift in Sources */ = {isa = PBXBuildFile; fileRef = BF3AA6B32551E5CE006ADE3A /* HomeModel.swift */; };
		BF3AA6B82551E5DE006ADE3A /* HomeSection.swift in Sources */ = {isa = PBXBuildFile; fileRef = BF3AA6B72551E5DE006ADE3A /* HomeSection.swift */; };
		BF3AA6BB2551E6CF006ADE3A /* UICollectionView+.swift in Sources */ = {isa = PBXBuildFile; fileRef = BF3AA6BA2551E6CF006ADE3A /* UICollectionView+.swift */; };
		BF52695B254CA76800638F23 /* StackItem.swift in Sources */ = {isa = PBXBuildFile; fileRef = BF52695A254CA76800638F23 /* StackItem.swift */; };
		BF52695E254CA78100638F23 /* Centered.swift in Sources */ = {isa = PBXBuildFile; fileRef = BF52695D254CA78100638F23 /* Centered.swift */; };
		BF5FA6B5254C99520093BBBD /* TextField.swift in Sources */ = {isa = PBXBuildFile; fileRef = BF5FA6B4254C99520093BBBD /* TextField.swift */; };
		BF5FA6BA254C9A920093BBBD /* ViewController.swift in Sources */ = {isa = PBXBuildFile; fileRef = BF5FA6B9254C9A920093BBBD /* ViewController.swift */; };
		BF5FA6BD254C9B770093BBBD /* NavigationController.swift in Sources */ = {isa = PBXBuildFile; fileRef = BF5FA6BC254C9B770093BBBD /* NavigationController.swift */; };
		BF5FA6C0254CA3340093BBBD /* Button.swift in Sources */ = {isa = PBXBuildFile; fileRef = BF5FA6BF254CA3340093BBBD /* Button.swift */; };
		BF5FA6C3254CA53B0093BBBD /* HStack.swift in Sources */ = {isa = PBXBuildFile; fileRef = BF5FA6C2254CA53B0093BBBD /* HStack.swift */; };
		BF5FA6C6254CA6010093BBBD /* VStack.swift in Sources */ = {isa = PBXBuildFile; fileRef = BF5FA6C5254CA6010093BBBD /* VStack.swift */; };
		BF70263C25572A550040221A /* MockService.swift in Sources */ = {isa = PBXBuildFile; fileRef = BF70263B25572A550040221A /* MockService.swift */; };
		BF70264125573D8F0040221A /* SettingsViewModel.swift in Sources */ = {isa = PBXBuildFile; fileRef = BF70264025573D8F0040221A /* SettingsViewModel.swift */; };
		BF70264525573E810040221A /* ProfileViewController.swift in Sources */ = {isa = PBXBuildFile; fileRef = BF70264425573E810040221A /* ProfileViewController.swift */; };
		BF70264925573FAA0040221A /* ProfileCoordinator.swift in Sources */ = {isa = PBXBuildFile; fileRef = BF70264825573FAA0040221A /* ProfileCoordinator.swift */; };
		BF70264C255742B60040221A /* ProfileViewModel.swift in Sources */ = {isa = PBXBuildFile; fileRef = BF70264B255742B60040221A /* ProfileViewModel.swift */; };
		BF70264F255748E10040221A /* Factory.swift in Sources */ = {isa = PBXBuildFile; fileRef = BF70264E255748E10040221A /* Factory.swift */; };
		BFB7FC65254EF75E00DE13CB /* UIWindow+.swift in Sources */ = {isa = PBXBuildFile; fileRef = BFB7FC64254EF75E00DE13CB /* UIWindow+.swift */; };
		BFB7FC6D254EF99D00DE13CB /* SettingsViewController.swift in Sources */ = {isa = PBXBuildFile; fileRef = BFB7FC6C254EF99D00DE13CB /* SettingsViewController.swift */; };
		BFB7FC70254EF9B900DE13CB /* SettingsCoordinator.swift in Sources */ = {isa = PBXBuildFile; fileRef = BFB7FC6F254EF9B900DE13CB /* SettingsCoordinator.swift */; };
		BFB7FC73254EFC4B00DE13CB /* InlineButton.swift in Sources */ = {isa = PBXBuildFile; fileRef = BFB7FC72254EFC4B00DE13CB /* InlineButton.swift */; };
		BFB7FC77254EFC9000DE13CB /* RoundedButton.swift in Sources */ = {isa = PBXBuildFile; fileRef = BFB7FC76254EFC9000DE13CB /* RoundedButton.swift */; };
		BFBD1D82254C88FA00E6B750 /* AppDelegate.swift in Sources */ = {isa = PBXBuildFile; fileRef = BFBD1D81254C88FA00E6B750 /* AppDelegate.swift */; };
		BFBD1D84254C88FA00E6B750 /* SceneDelegate.swift in Sources */ = {isa = PBXBuildFile; fileRef = BFBD1D83254C88FA00E6B750 /* SceneDelegate.swift */; };
		BFBD1D86254C88FA00E6B750 /* HomeViewController.swift in Sources */ = {isa = PBXBuildFile; fileRef = BFBD1D85254C88FA00E6B750 /* HomeViewController.swift */; };
		BFBD1D8B254C88FE00E6B750 /* Assets.xcassets in Resources */ = {isa = PBXBuildFile; fileRef = BFBD1D8A254C88FE00E6B750 /* Assets.xcassets */; };
		BFBD1D8E254C88FE00E6B750 /* LaunchScreen.storyboard in Resources */ = {isa = PBXBuildFile; fileRef = BFBD1D8C254C88FE00E6B750 /* LaunchScreen.storyboard */; };
		BFBD1D9E254C926600E6B750 /* AppCoordinator.swift in Sources */ = {isa = PBXBuildFile; fileRef = BFBD1D9D254C926600E6B750 /* AppCoordinator.swift */; };
		BFBD1DA2254C936500E6B750 /* AuthenticationCoordinator.swift in Sources */ = {isa = PBXBuildFile; fileRef = BFBD1DA1254C936500E6B750 /* AuthenticationCoordinator.swift */; };
		BFBD1DA5254C948C00E6B750 /* LoginViewController.swift in Sources */ = {isa = PBXBuildFile; fileRef = BFBD1DA4254C948C00E6B750 /* LoginViewController.swift */; };
		BFBD1DA9254C94DB00E6B750 /* HomeCoordinator.swift in Sources */ = {isa = PBXBuildFile; fileRef = BFBD1DA8254C94DB00E6B750 /* HomeCoordinator.swift */; };
		BFD46D8A25581FA700DD871E /* SignupViewModel.swift in Sources */ = {isa = PBXBuildFile; fileRef = BFD46D8925581FA700DD871E /* SignupViewModel.swift */; };
		BFD46D932558259B00DD871E /* UITextField+.swift in Sources */ = {isa = PBXBuildFile; fileRef = BFD46D922558259B00DD871E /* UITextField+.swift */; };
		BFD46D98255859AE00DD871E /* Colors.swift in Sources */ = {isa = PBXBuildFile; fileRef = BFD46D97255859AE00DD871E /* Colors.swift */; };
		BFD46D9B2558629600DD871E /* UIResponder+.swift in Sources */ = {isa = PBXBuildFile; fileRef = BFD46D9A2558629600DD871E /* UIResponder+.swift */; };
		BFD46D9F2559C7FA00DD871E /* AuthSuccessViewController.swift in Sources */ = {isa = PBXBuildFile; fileRef = BFD46D9E2559C7FA00DD871E /* AuthSuccessViewController.swift */; };
		BFE7A4F1254EF08300E64EA5 /* TabBarController.swift in Sources */ = {isa = PBXBuildFile; fileRef = BFE7A4F0254EF08300E64EA5 /* TabBarController.swift */; };
		BFF4D7B42555F373009C93CC /* DetailsViewController.swift in Sources */ = {isa = PBXBuildFile; fileRef = BFF4D7B32555F373009C93CC /* DetailsViewController.swift */; };
/* End PBXBuildFile section */

/* Begin PBXFileReference section */
		BF062F5D254CAEDE003E1662 /* LoginViewModel.swift */ = {isa = PBXFileReference; lastKnownFileType = sourcecode.swift; path = LoginViewModel.swift; sourceTree = "<group>"; };
		BF062F63254CB330003E1662 /* Coordinator.swift */ = {isa = PBXFileReference; lastKnownFileType = sourcecode.swift; path = Coordinator.swift; sourceTree = "<group>"; };
		BF08E7AD25571521006F7700 /* DetailsViewModel.swift */ = {isa = PBXFileReference; lastKnownFileType = sourcecode.swift; path = DetailsViewModel.swift; sourceTree = "<group>"; };
		BF08E7B425571ACC006F7700 /* HomeSuccessViewController.swift */ = {isa = PBXFileReference; lastKnownFileType = sourcecode.swift; path = HomeSuccessViewController.swift; sourceTree = "<group>"; };
		BF08E7B825571D51006F7700 /* HomeSuccessViewModel.swift */ = {isa = PBXFileReference; lastKnownFileType = sourcecode.swift; path = HomeSuccessViewModel.swift; sourceTree = "<group>"; };
		BF3AA690254EFD84006ADE3A /* Trailing.swift */ = {isa = PBXFileReference; lastKnownFileType = sourcecode.swift; path = Trailing.swift; sourceTree = "<group>"; };
		BF3AA693254EFED1006ADE3A /* PasswordReminderViewController.swift */ = {isa = PBXFileReference; lastKnownFileType = sourcecode.swift; path = PasswordReminderViewController.swift; sourceTree = "<group>"; };
		BF3AA697254EFF66006ADE3A /* SignupViewController.swift */ = {isa = PBXFileReference; lastKnownFileType = sourcecode.swift; path = SignupViewController.swift; sourceTree = "<group>"; };
		BF3AA69B254F04BA006ADE3A /* SecureTextField.swift */ = {isa = PBXFileReference; lastKnownFileType = sourcecode.swift; path = SecureTextField.swift; sourceTree = "<group>"; };
		BF3AA6A1254F5304006ADE3A /* LoadableRoundedButton.swift */ = {isa = PBXFileReference; lastKnownFileType = sourcecode.swift; path = LoadableRoundedButton.swift; sourceTree = "<group>"; };
		BF3AA6A42551D250006ADE3A /* HomeViewModel.swift */ = {isa = PBXFileReference; lastKnownFileType = sourcecode.swift; path = HomeViewModel.swift; sourceTree = "<group>"; };
		BF3AA6A72551E0BD006ADE3A /* HomeCompositionalLayout.swift */ = {isa = PBXFileReference; lastKnownFileType = sourcecode.swift; path = HomeCompositionalLayout.swift; sourceTree = "<group>"; };
		BF3AA6AB2551E548006ADE3A /* HomeCell.swift */ = {isa = PBXFileReference; lastKnownFileType = sourcecode.swift; path = HomeCell.swift; sourceTree = "<group>"; };
		BF3AA6AF2551E590006ADE3A /* CollectionViewCell.swift */ = {isa = PBXFileReference; lastKnownFileType = sourcecode.swift; path = CollectionViewCell.swift; sourceTree = "<group>"; };
		BF3AA6B32551E5CE006ADE3A /* HomeModel.swift */ = {isa = PBXFileReference; lastKnownFileType = sourcecode.swift; path = HomeModel.swift; sourceTree = "<group>"; };
		BF3AA6B72551E5DE006ADE3A /* HomeSection.swift */ = {isa = PBXFileReference; lastKnownFileType = sourcecode.swift; path = HomeSection.swift; sourceTree = "<group>"; };
		BF3AA6BA2551E6CF006ADE3A /* UICollectionView+.swift */ = {isa = PBXFileReference; lastKnownFileType = sourcecode.swift; path = "UICollectionView+.swift"; sourceTree = "<group>"; };
		BF52695A254CA76800638F23 /* StackItem.swift */ = {isa = PBXFileReference; lastKnownFileType = sourcecode.swift; path = StackItem.swift; sourceTree = "<group>"; };
		BF52695D254CA78100638F23 /* Centered.swift */ = {isa = PBXFileReference; lastKnownFileType = sourcecode.swift; path = Centered.swift; sourceTree = "<group>"; };
		BF5FA6B4254C99520093BBBD /* TextField.swift */ = {isa = PBXFileReference; lastKnownFileType = sourcecode.swift; path = TextField.swift; sourceTree = "<group>"; };
		BF5FA6B9254C9A920093BBBD /* ViewController.swift */ = {isa = PBXFileReference; lastKnownFileType = sourcecode.swift; path = ViewController.swift; sourceTree = "<group>"; };
		BF5FA6BC254C9B770093BBBD /* NavigationController.swift */ = {isa = PBXFileReference; lastKnownFileType = sourcecode.swift; path = NavigationController.swift; sourceTree = "<group>"; };
		BF5FA6BF254CA3340093BBBD /* Button.swift */ = {isa = PBXFileReference; lastKnownFileType = sourcecode.swift; path = Button.swift; sourceTree = "<group>"; };
		BF5FA6C2254CA53B0093BBBD /* HStack.swift */ = {isa = PBXFileReference; lastKnownFileType = sourcecode.swift; path = HStack.swift; sourceTree = "<group>"; };
		BF5FA6C5254CA6010093BBBD /* VStack.swift */ = {isa = PBXFileReference; lastKnownFileType = sourcecode.swift; path = VStack.swift; sourceTree = "<group>"; };
		BF70263B25572A550040221A /* MockService.swift */ = {isa = PBXFileReference; lastKnownFileType = sourcecode.swift; path = MockService.swift; sourceTree = "<group>"; };
		BF70264025573D8F0040221A /* SettingsViewModel.swift */ = {isa = PBXFileReference; lastKnownFileType = sourcecode.swift; path = SettingsViewModel.swift; sourceTree = "<group>"; };
		BF70264425573E810040221A /* ProfileViewController.swift */ = {isa = PBXFileReference; lastKnownFileType = sourcecode.swift; path = ProfileViewController.swift; sourceTree = "<group>"; };
		BF70264825573FAA0040221A /* ProfileCoordinator.swift */ = {isa = PBXFileReference; lastKnownFileType = sourcecode.swift; path = ProfileCoordinator.swift; sourceTree = "<group>"; };
		BF70264B255742B60040221A /* ProfileViewModel.swift */ = {isa = PBXFileReference; lastKnownFileType = sourcecode.swift; path = ProfileViewModel.swift; sourceTree = "<group>"; };
		BF70264E255748E10040221A /* Factory.swift */ = {isa = PBXFileReference; lastKnownFileType = sourcecode.swift; path = Factory.swift; sourceTree = "<group>"; };
		BFB7FC64254EF75E00DE13CB /* UIWindow+.swift */ = {isa = PBXFileReference; lastKnownFileType = sourcecode.swift; path = "UIWindow+.swift"; sourceTree = "<group>"; };
		BFB7FC6C254EF99D00DE13CB /* SettingsViewController.swift */ = {isa = PBXFileReference; lastKnownFileType = sourcecode.swift; path = SettingsViewController.swift; sourceTree = "<group>"; };
		BFB7FC6F254EF9B900DE13CB /* SettingsCoordinator.swift */ = {isa = PBXFileReference; lastKnownFileType = sourcecode.swift; path = SettingsCoordinator.swift; sourceTree = "<group>"; };
		BFB7FC72254EFC4B00DE13CB /* InlineButton.swift */ = {isa = PBXFileReference; lastKnownFileType = sourcecode.swift; path = InlineButton.swift; sourceTree = "<group>"; };
		BFB7FC76254EFC9000DE13CB /* RoundedButton.swift */ = {isa = PBXFileReference; lastKnownFileType = sourcecode.swift; path = RoundedButton.swift; sourceTree = "<group>"; };
		BFBD1D7E254C88FA00E6B750 /* Coordinators.app */ = {isa = PBXFileReference; explicitFileType = wrapper.application; includeInIndex = 0; path = Coordinators.app; sourceTree = BUILT_PRODUCTS_DIR; };
		BFBD1D81254C88FA00E6B750 /* AppDelegate.swift */ = {isa = PBXFileReference; lastKnownFileType = sourcecode.swift; path = AppDelegate.swift; sourceTree = "<group>"; };
		BFBD1D83254C88FA00E6B750 /* SceneDelegate.swift */ = {isa = PBXFileReference; lastKnownFileType = sourcecode.swift; path = SceneDelegate.swift; sourceTree = "<group>"; };
		BFBD1D85254C88FA00E6B750 /* HomeViewController.swift */ = {isa = PBXFileReference; lastKnownFileType = sourcecode.swift; path = HomeViewController.swift; sourceTree = "<group>"; };
		BFBD1D8A254C88FE00E6B750 /* Assets.xcassets */ = {isa = PBXFileReference; lastKnownFileType = folder.assetcatalog; path = Assets.xcassets; sourceTree = "<group>"; };
		BFBD1D8D254C88FE00E6B750 /* Base */ = {isa = PBXFileReference; lastKnownFileType = file.storyboard; name = Base; path = Base.lproj/LaunchScreen.storyboard; sourceTree = "<group>"; };
		BFBD1D8F254C88FE00E6B750 /* Info.plist */ = {isa = PBXFileReference; lastKnownFileType = text.plist.xml; path = Info.plist; sourceTree = "<group>"; };
		BFBD1D9D254C926600E6B750 /* AppCoordinator.swift */ = {isa = PBXFileReference; lastKnownFileType = sourcecode.swift; path = AppCoordinator.swift; sourceTree = "<group>"; };
		BFBD1DA1254C936500E6B750 /* AuthenticationCoordinator.swift */ = {isa = PBXFileReference; lastKnownFileType = sourcecode.swift; path = AuthenticationCoordinator.swift; sourceTree = "<group>"; };
		BFBD1DA4254C948C00E6B750 /* LoginViewController.swift */ = {isa = PBXFileReference; lastKnownFileType = sourcecode.swift; path = LoginViewController.swift; sourceTree = "<group>"; };
		BFBD1DA8254C94DB00E6B750 /* HomeCoordinator.swift */ = {isa = PBXFileReference; lastKnownFileType = sourcecode.swift; path = HomeCoordinator.swift; sourceTree = "<group>"; };
		BFD46D8925581FA700DD871E /* SignupViewModel.swift */ = {isa = PBXFileReference; lastKnownFileType = sourcecode.swift; path = SignupViewModel.swift; sourceTree = "<group>"; };
		BFD46D922558259B00DD871E /* UITextField+.swift */ = {isa = PBXFileReference; lastKnownFileType = sourcecode.swift; path = "UITextField+.swift"; sourceTree = "<group>"; };
		BFD46D97255859AE00DD871E /* Colors.swift */ = {isa = PBXFileReference; lastKnownFileType = sourcecode.swift; path = Colors.swift; sourceTree = "<group>"; };
		BFD46D9A2558629600DD871E /* UIResponder+.swift */ = {isa = PBXFileReference; lastKnownFileType = sourcecode.swift; path = "UIResponder+.swift"; sourceTree = "<group>"; };
		BFD46D9E2559C7FA00DD871E /* AuthSuccessViewController.swift */ = {isa = PBXFileReference; lastKnownFileType = sourcecode.swift; path = AuthSuccessViewController.swift; sourceTree = "<group>"; };
		BFE7A4F0254EF08300E64EA5 /* TabBarController.swift */ = {isa = PBXFileReference; lastKnownFileType = sourcecode.swift; path = TabBarController.swift; sourceTree = "<group>"; };
		BFF4D7B32555F373009C93CC /* DetailsViewController.swift */ = {isa = PBXFileReference; lastKnownFileType = sourcecode.swift; path = DetailsViewController.swift; sourceTree = "<group>"; };
/* End PBXFileReference section */

/* Begin PBXFrameworksBuildPhase section */
		BFBD1D7B254C88FA00E6B750 /* Frameworks */ = {
			isa = PBXFrameworksBuildPhase;
			buildActionMask = 2147483647;
			files = (
				BF1FBB19254C96E900FD3BD0 /* SnapKit in Frameworks */,
			);
			runOnlyForDeploymentPostprocessing = 0;
		};
/* End PBXFrameworksBuildPhase section */

/* Begin PBXGroup section */
		BF062F61254CB31E003E1662 /* UI */ = {
			isa = PBXGroup;
			children = (
				BF5FA6C8254CA6050093BBBD /* Stacks */,
				BFB7FC75254EFC6900DE13CB /* Buttons */,
				BF3AA69A254F04A6006ADE3A /* TextFields */,
				BF5FA6B9254C9A920093BBBD /* ViewController.swift */,
				BFE7A4F0254EF08300E64EA5 /* TabBarController.swift */,
				BF5FA6BC254C9B770093BBBD /* NavigationController.swift */,
				BF3AA6AF2551E590006ADE3A /* CollectionViewCell.swift */,
			);
			path = UI;
			sourceTree = "<group>";
		};
		BF062F62254CB325003E1662 /* Architecture */ = {
			isa = PBXGroup;
			children = (
				BF062F63254CB330003E1662 /* Coordinator.swift */,
			);
			path = Architecture;
			sourceTree = "<group>";
		};
		BF08E7B025571A30006F7700 /* Features */ = {
			isa = PBXGroup;
			children = (
				BF08E7B125571A5E006F7700 /* Home */,
				BFF4D7B22555F359009C93CC /* Details */,
				BF08E7B325571ABD006F7700 /* Success */,
			);
			path = Features;
			sourceTree = "<group>";
		};
		BF08E7B125571A5E006F7700 /* Home */ = {
			isa = PBXGroup;
			children = (
				BF08E7B225571A98006F7700 /* Model */,
				BF3AA6AA2551E537006ADE3A /* UI */,
				BFBD1D85254C88FA00E6B750 /* HomeViewController.swift */,
				BF3AA6A42551D250006ADE3A /* HomeViewModel.swift */,
			);
			path = Home;
			sourceTree = "<group>";
		};
		BF08E7B225571A98006F7700 /* Model */ = {
			isa = PBXGroup;
			children = (
				BF3AA6B72551E5DE006ADE3A /* HomeSection.swift */,
				BF3AA6B32551E5CE006ADE3A /* HomeModel.swift */,
			);
			path = Model;
			sourceTree = "<group>";
		};
		BF08E7B325571ABD006F7700 /* Success */ = {
			isa = PBXGroup;
			children = (
				BF08E7B425571ACC006F7700 /* HomeSuccessViewController.swift */,
				BF08E7B825571D51006F7700 /* HomeSuccessViewModel.swift */,
			);
			path = Success;
			sourceTree = "<group>";
		};
		BF1FBB11254C963A00FD3BD0 /* Features */ = {
			isa = PBXGroup;
			children = (
				BF1FBB12254C964900FD3BD0 /* Authentication */,
				BFE7A4F4254EF0EA00E64EA5 /* Settings */,
				BF70264325573E6D0040221A /* Profile */,
				BF1FBB14254C966800FD3BD0 /* Home */,
			);
			path = Features;
			sourceTree = "<group>";
		};
		BF1FBB12254C964900FD3BD0 /* Authentication */ = {
			isa = PBXGroup;
			children = (
				BF70265325581CD00040221A /* Features */,
				BFBD1DA1254C936500E6B750 /* AuthenticationCoordinator.swift */,
			);
			path = Authentication;
			sourceTree = "<group>";
		};
		BF1FBB14254C966800FD3BD0 /* Home */ = {
			isa = PBXGroup;
			children = (
				BF08E7B025571A30006F7700 /* Features */,
				BFBD1DA8254C94DB00E6B750 /* HomeCoordinator.swift */,
			);
			path = Home;
			sourceTree = "<group>";
		};
		BF3AA69A254F04A6006ADE3A /* TextFields */ = {
			isa = PBXGroup;
			children = (
				BF5FA6B4254C99520093BBBD /* TextField.swift */,
				BF3AA69B254F04BA006ADE3A /* SecureTextField.swift */,
			);
			path = TextFields;
			sourceTree = "<group>";
		};
		BF3AA6AA2551E537006ADE3A /* UI */ = {
			isa = PBXGroup;
			children = (
				BF3AA6A72551E0BD006ADE3A /* HomeCompositionalLayout.swift */,
				BF3AA6AB2551E548006ADE3A /* HomeCell.swift */,
			);
			path = UI;
			sourceTree = "<group>";
		};
		BF526960254CA78F00638F23 /* Model */ = {
			isa = PBXGroup;
			children = (
				BF52695A254CA76800638F23 /* StackItem.swift */,
			);
			path = Model;
			sourceTree = "<group>";
		};
		BF5FA6B3254C993B0093BBBD /* Common */ = {
			isa = PBXGroup;
			children = (
				BFB7FC63254EF75300DE13CB /* Extensions */,
				BF062F62254CB325003E1662 /* Architecture */,
				BF062F61254CB31E003E1662 /* UI */,
			);
			path = Common;
			sourceTree = "<group>";
		};
		BF5FA6C8254CA6050093BBBD /* Stacks */ = {
			isa = PBXGroup;
			children = (
				BF526960254CA78F00638F23 /* Model */,
				BF5FA6C2254CA53B0093BBBD /* HStack.swift */,
				BF5FA6C5254CA6010093BBBD /* VStack.swift */,
				BF52695D254CA78100638F23 /* Centered.swift */,
				BF3AA690254EFD84006ADE3A /* Trailing.swift */,
			);
			path = Stacks;
			sourceTree = "<group>";
		};
		BF70263A25572A480040221A /* Services */ = {
			isa = PBXGroup;
			children = (
				BF70263B25572A550040221A /* MockService.swift */,
			);
			path = Services;
			sourceTree = "<group>";
		};
		BF70264325573E6D0040221A /* Profile */ = {
			isa = PBXGroup;
			children = (
				BF70264425573E810040221A /* ProfileViewController.swift */,
				BF70264B255742B60040221A /* ProfileViewModel.swift */,
				BF70264825573FAA0040221A /* ProfileCoordinator.swift */,
			);
			path = Profile;
			sourceTree = "<group>";
		};
		BF702651255749AD0040221A /* Factory */ = {
			isa = PBXGroup;
			children = (
				BF70264E255748E10040221A /* Factory.swift */,
			);
			path = Factory;
			sourceTree = "<group>";
		};
		BF70265325581CD00040221A /* Features */ = {
			isa = PBXGroup;
			children = (
				BFD46D9D2559C7AA00DD871E /* Success */,
				BF70265725581CE60040221A /* Remind */,
				BF70265625581CDF0040221A /* Signup */,
				BF70265425581CD60040221A /* Login */,
			);
			path = Features;
			sourceTree = "<group>";
		};
		BF70265425581CD60040221A /* Login */ = {
			isa = PBXGroup;
			children = (
				BFBD1DA4254C948C00E6B750 /* LoginViewController.swift */,
				BF062F5D254CAEDE003E1662 /* LoginViewModel.swift */,
			);
			path = Login;
			sourceTree = "<group>";
		};
		BF70265625581CDF0040221A /* Signup */ = {
			isa = PBXGroup;
			children = (
				BF3AA697254EFF66006ADE3A /* SignupViewController.swift */,
				BFD46D8925581FA700DD871E /* SignupViewModel.swift */,
			);
			path = Signup;
			sourceTree = "<group>";
		};
		BF70265725581CE60040221A /* Remind */ = {
			isa = PBXGroup;
			children = (
				BF3AA693254EFED1006ADE3A /* PasswordReminderViewController.swift */,
			);
			path = Remind;
			sourceTree = "<group>";
		};
		BFB7FC63254EF75300DE13CB /* Extensions */ = {
			isa = PBXGroup;
			children = (
				BFB7FC64254EF75E00DE13CB /* UIWindow+.swift */,
				BF3AA6BA2551E6CF006ADE3A /* UICollectionView+.swift */,
				BFD46D922558259B00DD871E /* UITextField+.swift */,
				BFD46D9A2558629600DD871E /* UIResponder+.swift */,
			);
			path = Extensions;
			sourceTree = "<group>";
		};
		BFB7FC75254EFC6900DE13CB /* Buttons */ = {
			isa = PBXGroup;
			children = (
				BF5FA6BF254CA3340093BBBD /* Button.swift */,
				BFB7FC76254EFC9000DE13CB /* RoundedButton.swift */,
				BF3AA6A1254F5304006ADE3A /* LoadableRoundedButton.swift */,
				BFB7FC72254EFC4B00DE13CB /* InlineButton.swift */,
			);
			path = Buttons;
			sourceTree = "<group>";
		};
		BFBD1D75254C88F900E6B750 = {
			isa = PBXGroup;
			children = (
				BFBD1D80254C88FA00E6B750 /* Coordinators */,
				BFBD1D7F254C88FA00E6B750 /* Products */,
			);
			sourceTree = "<group>";
		};
		BFBD1D7F254C88FA00E6B750 /* Products */ = {
			isa = PBXGroup;
			children = (
				BFBD1D7E254C88FA00E6B750 /* Coordinators.app */,
			);
			name = Products;
			sourceTree = "<group>";
		};
		BFBD1D80254C88FA00E6B750 /* Coordinators */ = {
			isa = PBXGroup;
			children = (
				BFBD1D8F254C88FE00E6B750 /* Info.plist */,
				BFBD1D9A254C8AC500E6B750 /* Main */,
				BFBD1D97254C893800E6B750 /* Resources */,
				BF1FBB11254C963A00FD3BD0 /* Features */,
				BF70263A25572A480040221A /* Services */,
				BF702651255749AD0040221A /* Factory */,
				BF5FA6B3254C993B0093BBBD /* Common */,
			);
			path = Coordinators;
			sourceTree = "<group>";
		};
		BFBD1D97254C893800E6B750 /* Resources */ = {
			isa = PBXGroup;
			children = (
				BFBD1D8A254C88FE00E6B750 /* Assets.xcassets */,
				BFBD1D8C254C88FE00E6B750 /* LaunchScreen.storyboard */,
				BFD46D97255859AE00DD871E /* Colors.swift */,
			);
			path = Resources;
			sourceTree = "<group>";
		};
		BFBD1D9A254C8AC500E6B750 /* Main */ = {
			isa = PBXGroup;
			children = (
				BFBD1D81254C88FA00E6B750 /* AppDelegate.swift */,
				BFBD1D83254C88FA00E6B750 /* SceneDelegate.swift */,
				BFBD1D9D254C926600E6B750 /* AppCoordinator.swift */,
			);
			path = Main;
			sourceTree = "<group>";
		};
		BFD46D9D2559C7AA00DD871E /* Success */ = {
			isa = PBXGroup;
			children = (
				BFD46D9E2559C7FA00DD871E /* AuthSuccessViewController.swift */,
			);
			path = Success;
			sourceTree = "<group>";
		};
		BFE7A4F4254EF0EA00E64EA5 /* Settings */ = {
			isa = PBXGroup;
			children = (
				BFB7FC6C254EF99D00DE13CB /* SettingsViewController.swift */,
				BF70264025573D8F0040221A /* SettingsViewModel.swift */,
				BFB7FC6F254EF9B900DE13CB /* SettingsCoordinator.swift */,
			);
			path = Settings;
			sourceTree = "<group>";
		};
		BFF4D7B22555F359009C93CC /* Details */ = {
			isa = PBXGroup;
			children = (
				BFF4D7B32555F373009C93CC /* DetailsViewController.swift */,
				BF08E7AD25571521006F7700 /* DetailsViewModel.swift */,
			);
			path = Details;
			sourceTree = "<group>";
		};
/* End PBXGroup section */

/* Begin PBXNativeTarget section */
		BFBD1D7D254C88FA00E6B750 /* Coordinators */ = {
			isa = PBXNativeTarget;
			buildConfigurationList = BFBD1D92254C88FE00E6B750 /* Build configuration list for PBXNativeTarget "Coordinators" */;
			buildPhases = (
				BFBD1D7A254C88FA00E6B750 /* Sources */,
				BFBD1D7B254C88FA00E6B750 /* Frameworks */,
				BFBD1D7C254C88FA00E6B750 /* Resources */,
			);
			buildRules = (
			);
			dependencies = (
			);
			name = Coordinators;
			packageProductDependencies = (
				BF1FBB18254C96E900FD3BD0 /* SnapKit */,
			);
			productName = Coordinators;
			productReference = BFBD1D7E254C88FA00E6B750 /* Coordinators.app */;
			productType = "com.apple.product-type.application";
		};
/* End PBXNativeTarget section */

/* Begin PBXProject section */
		BFBD1D76254C88F900E6B750 /* Project object */ = {
			isa = PBXProject;
			attributes = {
				LastSwiftUpdateCheck = 1210;
				LastUpgradeCheck = 1210;
				TargetAttributes = {
					BFBD1D7D254C88FA00E6B750 = {
						CreatedOnToolsVersion = 12.1;
					};
				};
			};
			buildConfigurationList = BFBD1D79254C88F900E6B750 /* Build configuration list for PBXProject "Coordinators" */;
			compatibilityVersion = "Xcode 9.3";
			developmentRegion = en;
			hasScannedForEncodings = 0;
			knownRegions = (
				en,
				Base,
			);
			mainGroup = BFBD1D75254C88F900E6B750;
			packageReferences = (
				BF1FBB17254C96E900FD3BD0 /* XCRemoteSwiftPackageReference "SnapKit" */,
			);
			productRefGroup = BFBD1D7F254C88FA00E6B750 /* Products */;
			projectDirPath = "";
			projectRoot = "";
			targets = (
				BFBD1D7D254C88FA00E6B750 /* Coordinators */,
			);
		};
/* End PBXProject section */

/* Begin PBXResourcesBuildPhase section */
		BFBD1D7C254C88FA00E6B750 /* Resources */ = {
			isa = PBXResourcesBuildPhase;
			buildActionMask = 2147483647;
			files = (
				BFBD1D8E254C88FE00E6B750 /* LaunchScreen.storyboard in Resources */,
				BFBD1D8B254C88FE00E6B750 /* Assets.xcassets in Resources */,
			);
			runOnlyForDeploymentPostprocessing = 0;
		};
/* End PBXResourcesBuildPhase section */

/* Begin PBXSourcesBuildPhase section */
		BFBD1D7A254C88FA00E6B750 /* Sources */ = {
			isa = PBXSourcesBuildPhase;
			buildActionMask = 2147483647;
			files = (
				BFBD1DA5254C948C00E6B750 /* LoginViewController.swift in Sources */,
				BFBD1D9E254C926600E6B750 /* AppCoordinator.swift in Sources */,
				BF3AA6B82551E5DE006ADE3A /* HomeSection.swift in Sources */,
				BF3AA6B42551E5CE006ADE3A /* HomeModel.swift in Sources */,
				BFBD1DA2254C936500E6B750 /* AuthenticationCoordinator.swift in Sources */,
				BF3AA69C254F04BA006ADE3A /* SecureTextField.swift in Sources */,
				BFB7FC6D254EF99D00DE13CB /* SettingsViewController.swift in Sources */,
				BFB7FC73254EFC4B00DE13CB /* InlineButton.swift in Sources */,
				BFB7FC77254EFC9000DE13CB /* RoundedButton.swift in Sources */,
				BF3AA6A2254F5304006ADE3A /* LoadableRoundedButton.swift in Sources */,
				BF70263C25572A550040221A /* MockService.swift in Sources */,
				BFB7FC70254EF9B900DE13CB /* SettingsCoordinator.swift in Sources */,
				BF70264125573D8F0040221A /* SettingsViewModel.swift in Sources */,
				BFE7A4F1254EF08300E64EA5 /* TabBarController.swift in Sources */,
				BFD46D932558259B00DD871E /* UITextField+.swift in Sources */,
				BF70264F255748E10040221A /* Factory.swift in Sources */,
				BF3AA6A82551E0BD006ADE3A /* HomeCompositionalLayout.swift in Sources */,
				BF5FA6BA254C9A920093BBBD /* ViewController.swift in Sources */,
				BF062F5E254CAEDE003E1662 /* LoginViewModel.swift in Sources */,
				BFD46D9B2558629600DD871E /* UIResponder+.swift in Sources */,
				BF08E7B925571D51006F7700 /* HomeSuccessViewModel.swift in Sources */,
				BF70264C255742B60040221A /* ProfileViewModel.swift in Sources */,
				BF70264525573E810040221A /* ProfileViewController.swift in Sources */,
				BF5FA6B5254C99520093BBBD /* TextField.swift in Sources */,
				BF3AA694254EFED1006ADE3A /* PasswordReminderViewController.swift in Sources */,
				BFBD1D86254C88FA00E6B750 /* HomeViewController.swift in Sources */,
				BFD46D98255859AE00DD871E /* Colors.swift in Sources */,
				BF3AA6AC2551E548006ADE3A /* HomeCell.swift in Sources */,
				BF3AA6BB2551E6CF006ADE3A /* UICollectionView+.swift in Sources */,
				BFF4D7B42555F373009C93CC /* DetailsViewController.swift in Sources */,
				BF3AA6A52551D250006ADE3A /* HomeViewModel.swift in Sources */,
				BFBD1D82254C88FA00E6B750 /* AppDelegate.swift in Sources */,
				BFD46D9F2559C7FA00DD871E /* AuthSuccessViewController.swift in Sources */,
				BF5FA6BD254C9B770093BBBD /* NavigationController.swift in Sources */,
				BFBD1DA9254C94DB00E6B750 /* HomeCoordinator.swift in Sources */,
				BF08E7AE25571521006F7700 /* DetailsViewModel.swift in Sources */,
				BFD46D8A25581FA700DD871E /* SignupViewModel.swift in Sources */,
				BF062F64254CB330003E1662 /* Coordinator.swift in Sources */,
				BF08E7B525571ACC006F7700 /* HomeSuccessViewController.swift in Sources */,
				BF5FA6C6254CA6010093BBBD /* VStack.swift in Sources */,
				BF5FA6C3254CA53B0093BBBD /* HStack.swift in Sources */,
				BFB7FC65254EF75E00DE13CB /* UIWindow+.swift in Sources */,
				BF3AA691254EFD84006ADE3A /* Trailing.swift in Sources */,
				BF3AA6B02551E590006ADE3A /* CollectionViewCell.swift in Sources */,
				BFBD1D84254C88FA00E6B750 /* SceneDelegate.swift in Sources */,
				BF3AA698254EFF66006ADE3A /* SignupViewController.swift in Sources */,
				BF70264925573FAA0040221A /* ProfileCoordinator.swift in Sources */,
				BF5FA6C0254CA3340093BBBD /* Button.swift in Sources */,
				BF52695B254CA76800638F23 /* StackItem.swift in Sources */,
				BF52695E254CA78100638F23 /* Centered.swift in Sources */,
			);
			runOnlyForDeploymentPostprocessing = 0;
		};
/* End PBXSourcesBuildPhase section */

/* Begin PBXVariantGroup section */
		BFBD1D8C254C88FE00E6B750 /* LaunchScreen.storyboard */ = {
			isa = PBXVariantGroup;
			children = (
				BFBD1D8D254C88FE00E6B750 /* Base */,
			);
			name = LaunchScreen.storyboard;
			sourceTree = "<group>";
		};
/* End PBXVariantGroup section */

/* Begin XCBuildConfiguration section */
		BFBD1D90254C88FE00E6B750 /* Debug */ = {
			isa = XCBuildConfiguration;
			buildSettings = {
				ALWAYS_SEARCH_USER_PATHS = NO;
				CLANG_ANALYZER_NONNULL = YES;
				CLANG_ANALYZER_NUMBER_OBJECT_CONVERSION = YES_AGGRESSIVE;
				CLANG_CXX_LANGUAGE_STANDARD = "gnu++14";
				CLANG_CXX_LIBRARY = "libc++";
				CLANG_ENABLE_MODULES = YES;
				CLANG_ENABLE_OBJC_ARC = YES;
				CLANG_ENABLE_OBJC_WEAK = YES;
				CLANG_WARN_BLOCK_CAPTURE_AUTORELEASING = YES;
				CLANG_WARN_BOOL_CONVERSION = YES;
				CLANG_WARN_COMMA = YES;
				CLANG_WARN_CONSTANT_CONVERSION = YES;
				CLANG_WARN_DEPRECATED_OBJC_IMPLEMENTATIONS = YES;
				CLANG_WARN_DIRECT_OBJC_ISA_USAGE = YES_ERROR;
				CLANG_WARN_DOCUMENTATION_COMMENTS = YES;
				CLANG_WARN_EMPTY_BODY = YES;
				CLANG_WARN_ENUM_CONVERSION = YES;
				CLANG_WARN_INFINITE_RECURSION = YES;
				CLANG_WARN_INT_CONVERSION = YES;
				CLANG_WARN_NON_LITERAL_NULL_CONVERSION = YES;
				CLANG_WARN_OBJC_IMPLICIT_RETAIN_SELF = YES;
				CLANG_WARN_OBJC_LITERAL_CONVERSION = YES;
				CLANG_WARN_OBJC_ROOT_CLASS = YES_ERROR;
				CLANG_WARN_QUOTED_INCLUDE_IN_FRAMEWORK_HEADER = YES;
				CLANG_WARN_RANGE_LOOP_ANALYSIS = YES;
				CLANG_WARN_STRICT_PROTOTYPES = YES;
				CLANG_WARN_SUSPICIOUS_MOVE = YES;
				CLANG_WARN_UNGUARDED_AVAILABILITY = YES_AGGRESSIVE;
				CLANG_WARN_UNREACHABLE_CODE = YES;
				CLANG_WARN__DUPLICATE_METHOD_MATCH = YES;
				COPY_PHASE_STRIP = NO;
				DEBUG_INFORMATION_FORMAT = dwarf;
				ENABLE_STRICT_OBJC_MSGSEND = YES;
				ENABLE_TESTABILITY = YES;
				GCC_C_LANGUAGE_STANDARD = gnu11;
				GCC_DYNAMIC_NO_PIC = NO;
				GCC_NO_COMMON_BLOCKS = YES;
				GCC_OPTIMIZATION_LEVEL = 0;
				GCC_PREPROCESSOR_DEFINITIONS = (
					"DEBUG=1",
					"$(inherited)",
				);
				GCC_WARN_64_TO_32_BIT_CONVERSION = YES;
				GCC_WARN_ABOUT_RETURN_TYPE = YES_ERROR;
				GCC_WARN_UNDECLARED_SELECTOR = YES;
				GCC_WARN_UNINITIALIZED_AUTOS = YES_AGGRESSIVE;
				GCC_WARN_UNUSED_FUNCTION = YES;
				GCC_WARN_UNUSED_VARIABLE = YES;
				IPHONEOS_DEPLOYMENT_TARGET = 14.1;
				MTL_ENABLE_DEBUG_INFO = INCLUDE_SOURCE;
				MTL_FAST_MATH = YES;
				ONLY_ACTIVE_ARCH = YES;
				SDKROOT = iphoneos;
				SWIFT_ACTIVE_COMPILATION_CONDITIONS = DEBUG;
				SWIFT_OPTIMIZATION_LEVEL = "-Onone";
			};
			name = Debug;
		};
		BFBD1D91254C88FE00E6B750 /* Release */ = {
			isa = XCBuildConfiguration;
			buildSettings = {
				ALWAYS_SEARCH_USER_PATHS = NO;
				CLANG_ANALYZER_NONNULL = YES;
				CLANG_ANALYZER_NUMBER_OBJECT_CONVERSION = YES_AGGRESSIVE;
				CLANG_CXX_LANGUAGE_STANDARD = "gnu++14";
				CLANG_CXX_LIBRARY = "libc++";
				CLANG_ENABLE_MODULES = YES;
				CLANG_ENABLE_OBJC_ARC = YES;
				CLANG_ENABLE_OBJC_WEAK = YES;
				CLANG_WARN_BLOCK_CAPTURE_AUTORELEASING = YES;
				CLANG_WARN_BOOL_CONVERSION = YES;
				CLANG_WARN_COMMA = YES;
				CLANG_WARN_CONSTANT_CONVERSION = YES;
				CLANG_WARN_DEPRECATED_OBJC_IMPLEMENTATIONS = YES;
				CLANG_WARN_DIRECT_OBJC_ISA_USAGE = YES_ERROR;
				CLANG_WARN_DOCUMENTATION_COMMENTS = YES;
				CLANG_WARN_EMPTY_BODY = YES;
				CLANG_WARN_ENUM_CONVERSION = YES;
				CLANG_WARN_INFINITE_RECURSION = YES;
				CLANG_WARN_INT_CONVERSION = YES;
				CLANG_WARN_NON_LITERAL_NULL_CONVERSION = YES;
				CLANG_WARN_OBJC_IMPLICIT_RETAIN_SELF = YES;
				CLANG_WARN_OBJC_LITERAL_CONVERSION = YES;
				CLANG_WARN_OBJC_ROOT_CLASS = YES_ERROR;
				CLANG_WARN_QUOTED_INCLUDE_IN_FRAMEWORK_HEADER = YES;
				CLANG_WARN_RANGE_LOOP_ANALYSIS = YES;
				CLANG_WARN_STRICT_PROTOTYPES = YES;
				CLANG_WARN_SUSPICIOUS_MOVE = YES;
				CLANG_WARN_UNGUARDED_AVAILABILITY = YES_AGGRESSIVE;
				CLANG_WARN_UNREACHABLE_CODE = YES;
				CLANG_WARN__DUPLICATE_METHOD_MATCH = YES;
				COPY_PHASE_STRIP = NO;
				DEBUG_INFORMATION_FORMAT = "dwarf-with-dsym";
				ENABLE_NS_ASSERTIONS = NO;
				ENABLE_STRICT_OBJC_MSGSEND = YES;
				GCC_C_LANGUAGE_STANDARD = gnu11;
				GCC_NO_COMMON_BLOCKS = YES;
				GCC_WARN_64_TO_32_BIT_CONVERSION = YES;
				GCC_WARN_ABOUT_RETURN_TYPE = YES_ERROR;
				GCC_WARN_UNDECLARED_SELECTOR = YES;
				GCC_WARN_UNINITIALIZED_AUTOS = YES_AGGRESSIVE;
				GCC_WARN_UNUSED_FUNCTION = YES;
				GCC_WARN_UNUSED_VARIABLE = YES;
				IPHONEOS_DEPLOYMENT_TARGET = 14.1;
				MTL_ENABLE_DEBUG_INFO = NO;
				MTL_FAST_MATH = YES;
				SDKROOT = iphoneos;
				SWIFT_COMPILATION_MODE = wholemodule;
				SWIFT_OPTIMIZATION_LEVEL = "-O";
				VALIDATE_PRODUCT = YES;
			};
			name = Release;
		};
		BFBD1D93254C88FE00E6B750 /* Debug */ = {
			isa = XCBuildConfiguration;
			buildSettings = {
				ASSETCATALOG_COMPILER_APPICON_NAME = AppIcon;
				ASSETCATALOG_COMPILER_GLOBAL_ACCENT_COLOR_NAME = AccentColor;
				CODE_SIGN_STYLE = Automatic;
				INFOPLIST_FILE = Coordinators/Info.plist;
				LD_RUNPATH_SEARCH_PATHS = (
					"$(inherited)",
					"@executable_path/Frameworks",
				);
				PRODUCT_BUNDLE_IDENTIFIER = com.gorecki.Coordinators;
				PRODUCT_NAME = "$(TARGET_NAME)";
				SWIFT_VERSION = 5.0;
				TARGETED_DEVICE_FAMILY = "1,2";
			};
			name = Debug;
		};
		BFBD1D94254C88FE00E6B750 /* Release */ = {
			isa = XCBuildConfiguration;
			buildSettings = {
				ASSETCATALOG_COMPILER_APPICON_NAME = AppIcon;
				ASSETCATALOG_COMPILER_GLOBAL_ACCENT_COLOR_NAME = AccentColor;
				CODE_SIGN_STYLE = Automatic;
				INFOPLIST_FILE = Coordinators/Info.plist;
				LD_RUNPATH_SEARCH_PATHS = (
					"$(inherited)",
					"@executable_path/Frameworks",
				);
				PRODUCT_BUNDLE_IDENTIFIER = com.gorecki.Coordinators;
				PRODUCT_NAME = "$(TARGET_NAME)";
				SWIFT_VERSION = 5.0;
				TARGETED_DEVICE_FAMILY = "1,2";
			};
			name = Release;
		};
/* End XCBuildConfiguration section */

/* Begin XCConfigurationList section */
		BFBD1D79254C88F900E6B750 /* Build configuration list for PBXProject "Coordinators" */ = {
			isa = XCConfigurationList;
			buildConfigurations = (
				BFBD1D90254C88FE00E6B750 /* Debug */,
				BFBD1D91254C88FE00E6B750 /* Release */,
			);
			defaultConfigurationIsVisible = 0;
			defaultConfigurationName = Release;
		};
		BFBD1D92254C88FE00E6B750 /* Build configuration list for PBXNativeTarget "Coordinators" */ = {
			isa = XCConfigurationList;
			buildConfigurations = (
				BFBD1D93254C88FE00E6B750 /* Debug */,
				BFBD1D94254C88FE00E6B750 /* Release */,
			);
			defaultConfigurationIsVisible = 0;
			defaultConfigurationName = Release;
		};
/* End XCConfigurationList section */

/* Begin XCRemoteSwiftPackageReference section */
		BF1FBB17254C96E900FD3BD0 /* XCRemoteSwiftPackageReference "SnapKit" */ = {
			isa = XCRemoteSwiftPackageReference;
			repositoryURL = "https://github.com/SnapKit/SnapKit.git";
			requirement = {
				kind = upToNextMajorVersion;
				minimumVersion = 5.0.1;
			};
		};
/* End XCRemoteSwiftPackageReference section */

/* Begin XCSwiftPackageProductDependency section */
		BF1FBB18254C96E900FD3BD0 /* SnapKit */ = {
			isa = XCSwiftPackageProductDependency;
			package = BF1FBB17254C96E900FD3BD0 /* XCRemoteSwiftPackageReference "SnapKit" */;
			productName = SnapKit;
		};
/* End XCSwiftPackageProductDependency section */
	};
	rootObject = BFBD1D76254C88F900E6B750 /* Project object */;
}
